
Microsoft Visual Studio Solution File, Format Version 12.00
# Visual Studio Version 17
VisualStudioVersion = 17.8.34330.188
MinimumVisualStudioVersion = 10.0.40219.1
Project("{FAE04EC0-301F-11D3-BF4B-00C04F79EFBC}") = "lab2(aggregation_by_value_and_attachment)", "lab2(aggregation_by_value_and_attachment)\lab2(aggregation_by_value_and_attachment).csproj", "{0A683918-61EB-43E9-AF3F-E1CCFB9833E2}"
EndProject
Global
	GlobalSection(SolutionConfigurationPlatforms) = preSolution
		Debug|Any CPU = Debug|Any CPU
		Release|Any CPU = Release|Any CPU
	EndGlobalSection
	GlobalSection(ProjectConfigurationPlatforms) = postSolution
		{0A683918-61EB-43E9-AF3F-E1CCFB9833E2}.Debug|Any CPU.ActiveCfg = Debug|Any CPU
		{0A683918-61EB-43E9-AF3F-E1CCFB9833E2}.Debug|Any CPU.Build.0 = Debug|Any CPU
		{0A683918-61EB-43E9-AF3F-E1CCFB9833E2}.Release|Any CPU.ActiveCfg = Release|Any CPU
		{0A683918-61EB-43E9-AF3F-E1CCFB9833E2}.Release|Any CPU.Build.0 = Release|Any CPU
	EndGlobalSection
	GlobalSection(SolutionProperties) = preSolution
		HideSolutionNode = FALSE
	EndGlobalSection
	GlobalSection(ExtensibilityGlobals) = postSolution
		SolutionGuid = {AA9F6BD9-E55B-4FC0-B016-28CD1954B612}
	EndGlobalSection
EndGlobal
