
Microsoft Visual Studio Solution File, Format Version 12.00
# Visual Studio Version 17
VisualStudioVersion = 17.8.34330.188
MinimumVisualStudioVersion = 10.0.40219.1
Project("{FAE04EC0-301F-11D3-BF4B-00C04F79EFBC}") = "lab6(association)", "lab6(association)\lab6(association).csproj", "{2DBF04E2-90CD-4126-AC6C-5FC4AA512420}"
EndProject
Global
	GlobalSection(SolutionConfigurationPlatforms) = preSolution
		Debug|Any CPU = Debug|Any CPU
		Release|Any CPU = Release|Any CPU
	EndGlobalSection
	GlobalSection(ProjectConfigurationPlatforms) = postSolution
		{2DBF04E2-90CD-4126-AC6C-5FC4AA512420}.Debug|Any CPU.ActiveCfg = Debug|Any CPU
		{2DBF04E2-90CD-4126-AC6C-5FC4AA512420}.Debug|Any CPU.Build.0 = Debug|Any CPU
		{2DBF04E2-90CD-4126-AC6C-5FC4AA512420}.Release|Any CPU.ActiveCfg = Release|Any CPU
		{2DBF04E2-90CD-4126-AC6C-5FC4AA512420}.Release|Any CPU.Build.0 = Release|Any CPU
	EndGlobalSection
	GlobalSection(SolutionProperties) = preSolution
		HideSolutionNode = FALSE
	EndGlobalSection
	GlobalSection(ExtensibilityGlobals) = postSolution
		SolutionGuid = {09316491-5B3C-4907-8D97-70EEC7DD2C9B}
	EndGlobalSection
EndGlobal
