
Microsoft Visual Studio Solution File, Format Version 12.00
# Visual Studio Version 17
VisualStudioVersion = 17.8.34330.188
MinimumVisualStudioVersion = 10.0.40219.1
Project("{FAE04EC0-301F-11D3-BF4B-00C04F79EFBC}") = "lab7(usage)", "lab7(usage)\lab7(usage).csproj", "{187BE10D-DAE5-415E-8671-17C871B31FE1}"
EndProject
Global
	GlobalSection(SolutionConfigurationPlatforms) = preSolution
		Debug|Any CPU = Debug|Any CPU
		Release|Any CPU = Release|Any CPU
	EndGlobalSection
	GlobalSection(ProjectConfigurationPlatforms) = postSolution
		{187BE10D-DAE5-415E-8671-17C871B31FE1}.Debug|Any CPU.ActiveCfg = Debug|Any CPU
		{187BE10D-DAE5-415E-8671-17C871B31FE1}.Debug|Any CPU.Build.0 = Debug|Any CPU
		{187BE10D-DAE5-415E-8671-17C871B31FE1}.Release|Any CPU.ActiveCfg = Release|Any CPU
		{187BE10D-DAE5-415E-8671-17C871B31FE1}.Release|Any CPU.Build.0 = Release|Any CPU
	EndGlobalSection
	GlobalSection(SolutionProperties) = preSolution
		HideSolutionNode = FALSE
	EndGlobalSection
	GlobalSection(ExtensibilityGlobals) = postSolution
		SolutionGuid = {38B8CE77-1392-4BA1-AAD3-C09FC59BCD12}
	EndGlobalSection
EndGlobal
