
Microsoft Visual Studio Solution File, Format Version 12.00
# Visual Studio Version 17
VisualStudioVersion = 17.8.34330.188
MinimumVisualStudioVersion = 10.0.40219.1
Project("{FAE04EC0-301F-11D3-BF4B-00C04F79EFBC}") = "lab3-4(inheritance_principle_of_substitution)", "lab3-4(inheritance_principle_of_substitution)\lab3-4(inheritance_principle_of_substitution).csproj", "{AC79B8D2-19ED-410F-B6BF-411CD0537FB9}"
EndProject
Global
	GlobalSection(SolutionConfigurationPlatforms) = preSolution
		Debug|Any CPU = Debug|Any CPU
		Release|Any CPU = Release|Any CPU
	EndGlobalSection
	GlobalSection(ProjectConfigurationPlatforms) = postSolution
		{AC79B8D2-19ED-410F-B6BF-411CD0537FB9}.Debug|Any CPU.ActiveCfg = Debug|Any CPU
		{AC79B8D2-19ED-410F-B6BF-411CD0537FB9}.Debug|Any CPU.Build.0 = Debug|Any CPU
		{AC79B8D2-19ED-410F-B6BF-411CD0537FB9}.Release|Any CPU.ActiveCfg = Release|Any CPU
		{AC79B8D2-19ED-410F-B6BF-411CD0537FB9}.Release|Any CPU.Build.0 = Release|Any CPU
	EndGlobalSection
	GlobalSection(SolutionProperties) = preSolution
		HideSolutionNode = FALSE
	EndGlobalSection
	GlobalSection(ExtensibilityGlobals) = postSolution
		SolutionGuid = {32253C9A-990A-40CE-95AB-1DAA057E13FD}
	EndGlobalSection
EndGlobal
